
Microsoft Visual Studio Solution File, Format Version 12.00
# Visual Studio 15
VisualStudioVersion = 15.0.33529.398
MinimumVisualStudioVersion = 10.0.40219.1
Project("{FAE04EC0-301F-11D3-BF4B-00C04F79EFBC}") = "CalcularLiquidacion", "CalcularLiquidacion\CalcularLiquidacion.csproj", "{A6E21290-8E5D-4122-A722-EAD5696DFC6A}"
EndProject
Global
	GlobalSection(SolutionConfigurationPlatforms) = preSolution
		Debug|Any CPU = Debug|Any CPU
		Release|Any CPU = Release|Any CPU
	EndGlobalSection
	GlobalSection(ProjectConfigurationPlatforms) = postSolution
		{A6E21290-8E5D-4122-A722-EAD5696DFC6A}.Debug|Any CPU.ActiveCfg = Debug|Any CPU
		{A6E21290-8E5D-4122-A722-EAD5696DFC6A}.Debug|Any CPU.Build.0 = Debug|Any CPU
		{A6E21290-8E5D-4122-A722-EAD5696DFC6A}.Release|Any CPU.ActiveCfg = Release|Any CPU
		{A6E21290-8E5D-4122-A722-EAD5696DFC6A}.Release|Any CPU.Build.0 = Release|Any CPU
	EndGlobalSection
	GlobalSection(SolutionProperties) = preSolution
		HideSolutionNode = FALSE
	EndGlobalSection
	GlobalSection(ExtensibilityGlobals) = postSolution
		SolutionGuid = {9CEA5369-EC51-487F-AF2B-453614F595E0}
	EndGlobalSection
EndGlobal
